
Microsoft Visual Studio Solution File, Format Version 11.00
# Visual Studio 2010
Project("{FAE04EC0-301F-11D3-BF4B-00C04F79EFBC}") = "EPiOptimiser", "..\Source\EPiOptimiser.csproj", "{19636E37-F69B-49D4-9324-51CA660D9792}"
EndProject
Global
	GlobalSection(SolutionConfigurationPlatforms) = preSolution
		Debug|Any CPU = Debug|Any CPU
		Release|Any CPU = Release|Any CPU
	EndGlobalSection
	GlobalSection(ProjectConfigurationPlatforms) = postSolution
		{19636E37-F69B-49D4-9324-51CA660D9792}.Debug|Any CPU.ActiveCfg = Debug|Any CPU
		{19636E37-F69B-49D4-9324-51CA660D9792}.Debug|Any CPU.Build.0 = Debug|Any CPU
		{19636E37-F69B-49D4-9324-51CA660D9792}.Release|Any CPU.ActiveCfg = Release|Any CPU
		{19636E37-F69B-49D4-9324-51CA660D9792}.Release|Any CPU.Build.0 = Release|Any CPU
	EndGlobalSection
	GlobalSection(SolutionProperties) = preSolution
		HideSolutionNode = FALSE
	EndGlobalSection
EndGlobal
